
Microsoft Visual Studio Solution File, Format Version 12.00
# Visual Studio Version 17
VisualStudioVersion = 17.6.33723.286
MinimumVisualStudioVersion = 10.0.40219.1
Project("{9A19103F-16F7-4668-BE54-9A1E7A4F7556}") = "ARSProje.DapperCvAppEntities", "ARSProje.DapperCvAppEntities\ARSProje.DapperCvAppEntities.csproj", "{944C1346-CE60-4A98-9467-FB383905EF55}"
EndProject
Project("{9A19103F-16F7-4668-BE54-9A1E7A4F7556}") = "ARSProje.DapperCvAppDataAccess", "ARSProje.DapperCvAppDataAccess\ARSProje.DapperCvAppDataAccess.csproj", "{74B1D3ED-031D-4931-9FF2-8D0536A4738D}"
EndProject
Project("{9A19103F-16F7-4668-BE54-9A1E7A4F7556}") = "ARSProje.DapperCvAppDTO", "ARSProje.DapperCvAppDTO\ARSProje.DapperCvAppDTO.csproj", "{96D2038C-F787-43A0-AF8F-A95B83621C36}"
EndProject
Project("{FAE04EC0-301F-11D3-BF4B-00C04F79EFBC}") = "ARSProjeDapperCvAppBusiness", "ARSProjeDapperCvAppBusiness\ARSProjeDapperCvAppBusiness.csproj", "{483EF9DC-CFAB-4D62-B944-E650FF20FA26}"
EndProject
Project("{FAE04EC0-301F-11D3-BF4B-00C04F79EFBC}") = "ARSProje.DapperCvAppWeb", "ARSProje.DapperCvAppWeb\ARSProje.DapperCvAppWeb.csproj", "{6BF7FFC1-DB8B-4512-9270-786E259BFC83}"
EndProject
Global
	GlobalSection(SolutionConfigurationPlatforms) = preSolution
		Debug|Any CPU = Debug|Any CPU
		Release|Any CPU = Release|Any CPU
	EndGlobalSection
	GlobalSection(ProjectConfigurationPlatforms) = postSolution
		{944C1346-CE60-4A98-9467-FB383905EF55}.Debug|Any CPU.ActiveCfg = Debug|Any CPU
		{944C1346-CE60-4A98-9467-FB383905EF55}.Debug|Any CPU.Build.0 = Debug|Any CPU
		{944C1346-CE60-4A98-9467-FB383905EF55}.Release|Any CPU.ActiveCfg = Release|Any CPU
		{944C1346-CE60-4A98-9467-FB383905EF55}.Release|Any CPU.Build.0 = Release|Any CPU
		{74B1D3ED-031D-4931-9FF2-8D0536A4738D}.Debug|Any CPU.ActiveCfg = Debug|Any CPU
		{74B1D3ED-031D-4931-9FF2-8D0536A4738D}.Debug|Any CPU.Build.0 = Debug|Any CPU
		{74B1D3ED-031D-4931-9FF2-8D0536A4738D}.Release|Any CPU.ActiveCfg = Release|Any CPU
		{74B1D3ED-031D-4931-9FF2-8D0536A4738D}.Release|Any CPU.Build.0 = Release|Any CPU
		{96D2038C-F787-43A0-AF8F-A95B83621C36}.Debug|Any CPU.ActiveCfg = Debug|Any CPU
		{96D2038C-F787-43A0-AF8F-A95B83621C36}.Debug|Any CPU.Build.0 = Debug|Any CPU
		{96D2038C-F787-43A0-AF8F-A95B83621C36}.Release|Any CPU.ActiveCfg = Release|Any CPU
		{96D2038C-F787-43A0-AF8F-A95B83621C36}.Release|Any CPU.Build.0 = Release|Any CPU
		{483EF9DC-CFAB-4D62-B944-E650FF20FA26}.Debug|Any CPU.ActiveCfg = Debug|Any CPU
		{483EF9DC-CFAB-4D62-B944-E650FF20FA26}.Debug|Any CPU.Build.0 = Debug|Any CPU
		{483EF9DC-CFAB-4D62-B944-E650FF20FA26}.Release|Any CPU.ActiveCfg = Release|Any CPU
		{483EF9DC-CFAB-4D62-B944-E650FF20FA26}.Release|Any CPU.Build.0 = Release|Any CPU
		{6BF7FFC1-DB8B-4512-9270-786E259BFC83}.Debug|Any CPU.ActiveCfg = Debug|Any CPU
		{6BF7FFC1-DB8B-4512-9270-786E259BFC83}.Debug|Any CPU.Build.0 = Debug|Any CPU
		{6BF7FFC1-DB8B-4512-9270-786E259BFC83}.Release|Any CPU.ActiveCfg = Release|Any CPU
		{6BF7FFC1-DB8B-4512-9270-786E259BFC83}.Release|Any CPU.Build.0 = Release|Any CPU
	EndGlobalSection
	GlobalSection(SolutionProperties) = preSolution
		HideSolutionNode = FALSE
	EndGlobalSection
	GlobalSection(ExtensibilityGlobals) = postSolution
		SolutionGuid = {1484838C-8F6B-4042-81D6-444549E0AC75}
	EndGlobalSection
EndGlobal
